// !$*UTF8*$!
{
	archiveVersion = 1;
	classes = {
	};
	objectVersion = 55;
	objects = {

/* Begin PBXBuildFile section */
		D270F3932852EEDD00B7556E /* cart.png in Resources */ = {isa = PBXBuildFile; fileRef = D270F3922852EEDD00B7556E /* cart.png */; };
		D2F99F67282DF8AC00BA0F04 /* AppDelegate.swift in Sources */ = {isa = PBXBuildFile; fileRef = D2F99F66282DF8AC00BA0F04 /* AppDelegate.swift */; };
		D2F99F69282DF8AC00BA0F04 /* SceneDelegate.swift in Sources */ = {isa = PBXBuildFile; fileRef = D2F99F68282DF8AC00BA0F04 /* SceneDelegate.swift */; };
		D2F99F6E282DF8AC00BA0F04 /* Main.storyboard in Resources */ = {isa = PBXBuildFile; fileRef = D2F99F6C282DF8AC00BA0F04 /* Main.storyboard */; };
		D2F99F70282DF8AD00BA0F04 /* Assets.xcassets in Resources */ = {isa = PBXBuildFile; fileRef = D2F99F6F282DF8AD00BA0F04 /* Assets.xcassets */; };
		D2F99F73282DF8AD00BA0F04 /* LaunchScreen.storyboard in Resources */ = {isa = PBXBuildFile; fileRef = D2F99F71282DF8AD00BA0F04 /* LaunchScreen.storyboard */; };
		D2F99F81282DFDD100BA0F04 /* AddViewController.swift in Sources */ = {isa = PBXBuildFile; fileRef = D2F99F80282DFDD100BA0F04 /* AddViewController.swift */; };
		D2F99F83282DFDEA00BA0F04 /* DetailViewController.swift in Sources */ = {isa = PBXBuildFile; fileRef = D2F99F82282DFDEA00BA0F04 /* DetailViewController.swift */; };
		D2F99F85282DFECB00BA0F04 /* TableViewController.swift in Sources */ = {isa = PBXBuildFile; fileRef = D2F99F84282DFECB00BA0F04 /* TableViewController.swift */; };
		D2F99F8B282E0AFB00BA0F04 /* pencil.png in Resources */ = {isa = PBXBuildFile; fileRef = D2F99F8A282E0AFB00BA0F04 /* pencil.png */; };
		D2F99F8D282E0B9D00BA0F04 /* clock.png in Resources */ = {isa = PBXBuildFile; fileRef = D2F99F8C282E0B9D00BA0F04 /* clock.png */; };
/* End PBXBuildFile section */

/* Begin PBXFileReference section */
		D270F3922852EEDD00B7556E /* cart.png */ = {isa = PBXFileReference; lastKnownFileType = image.png; name = cart.png; path = ../../../../Desktop/cart.png; sourceTree = "<group>"; };
		D2F99F63282DF8AC00BA0F04 /* Table.app */ = {isa = PBXFileReference; explicitFileType = wrapper.application; includeInIndex = 0; path = Table.app; sourceTree = BUILT_PRODUCTS_DIR; };
		D2F99F66282DF8AC00BA0F04 /* AppDelegate.swift */ = {isa = PBXFileReference; lastKnownFileType = sourcecode.swift; path = AppDelegate.swift; sourceTree = "<group>"; };
		D2F99F68282DF8AC00BA0F04 /* SceneDelegate.swift */ = {isa = PBXFileReference; lastKnownFileType = sourcecode.swift; path = SceneDelegate.swift; sourceTree = "<group>"; };
		D2F99F6D282DF8AC00BA0F04 /* Base */ = {isa = PBXFileReference; lastKnownFileType = file.storyboard; name = Base; path = Base.lproj/Main.storyboard; sourceTree = "<group>"; };
		D2F99F6F282DF8AD00BA0F04 /* Assets.xcassets */ = {isa = PBXFileReference; lastKnownFileType = folder.assetcatalog; path = Assets.xcassets; sourceTree = "<group>"; };
		D2F99F72282DF8AD00BA0F04 /* Base */ = {isa = PBXFileReference; lastKnownFileType = file.storyboard; name = Base; path = Base.lproj/LaunchScreen.storyboard; sourceTree = "<group>"; };
		D2F99F74282DF8AD00BA0F04 /* Info.plist */ = {isa = PBXFileReference; lastKnownFileType = text.plist.xml; path = Info.plist; sourceTree = "<group>"; };
		D2F99F80282DFDD100BA0F04 /* AddViewController.swift */ = {isa = PBXFileReference; lastKnownFileType = sourcecode.swift; path = AddViewController.swift; sourceTree = "<group>"; };
		D2F99F82282DFDEA00BA0F04 /* DetailViewController.swift */ = {isa = PBXFileReference; lastKnownFileType = sourcecode.swift; path = DetailViewController.swift; sourceTree = "<group>"; };
		D2F99F84282DFECB00BA0F04 /* TableViewController.swift */ = {isa = PBXFileReference; lastKnownFileType = sourcecode.swift; path = TableViewController.swift; sourceTree = "<group>"; };
		D2F99F8A282E0AFB00BA0F04 /* pencil.png */ = {isa = PBXFileReference; lastKnownFileType = image.png; path = pencil.png; sourceTree = "<group>"; };
		D2F99F8C282E0B9D00BA0F04 /* clock.png */ = {isa = PBXFileReference; lastKnownFileType = image.png; path = clock.png; sourceTree = "<group>"; };
/* End PBXFileReference section */

/* Begin PBXFrameworksBuildPhase section */
		D2F99F60282DF8AC00BA0F04 /* Frameworks */ = {
			isa = PBXFrameworksBuildPhase;
			buildActionMask = 2147483647;
			files = (
			);
			runOnlyForDeploymentPostprocessing = 0;
		};
/* End PBXFrameworksBuildPhase section */

/* Begin PBXGroup section */
		D2F99F5A282DF8AC00BA0F04 = {
			isa = PBXGroup;
			children = (
				D2F99F65282DF8AC00BA0F04 /* Table */,
				D2F99F64282DF8AC00BA0F04 /* Products */,
			);
			sourceTree = "<group>";
		};
		D2F99F64282DF8AC00BA0F04 /* Products */ = {
			isa = PBXGroup;
			children = (
				D2F99F63282DF8AC00BA0F04 /* Table.app */,
			);
			name = Products;
			sourceTree = "<group>";
		};
		D2F99F65282DF8AC00BA0F04 /* Table */ = {
			isa = PBXGroup;
			children = (
				D270F3922852EEDD00B7556E /* cart.png */,
				D2F99F8C282E0B9D00BA0F04 /* clock.png */,
				D2F99F8A282E0AFB00BA0F04 /* pencil.png */,
				D2F99F66282DF8AC00BA0F04 /* AppDelegate.swift */,
				D2F99F68282DF8AC00BA0F04 /* SceneDelegate.swift */,
				D2F99F84282DFECB00BA0F04 /* TableViewController.swift */,
				D2F99F80282DFDD100BA0F04 /* AddViewController.swift */,
				D2F99F82282DFDEA00BA0F04 /* DetailViewController.swift */,
				D2F99F6C282DF8AC00BA0F04 /* Main.storyboard */,
				D2F99F6F282DF8AD00BA0F04 /* Assets.xcassets */,
				D2F99F71282DF8AD00BA0F04 /* LaunchScreen.storyboard */,
				D2F99F74282DF8AD00BA0F04 /* Info.plist */,
			);
			path = Table;
			sourceTree = "<group>";
		};
/* End PBXGroup section */

/* Begin PBXNativeTarget section */
		D2F99F62282DF8AC00BA0F04 /* Table */ = {
			isa = PBXNativeTarget;
			buildConfigurationList = D2F99F77282DF8AD00BA0F04 /* Build configuration list for PBXNativeTarget "Table" */;
			buildPhases = (
				D2F99F5F282DF8AC00BA0F04 /* Sources */,
				D2F99F60282DF8AC00BA0F04 /* Frameworks */,
				D2F99F61282DF8AC00BA0F04 /* Resources */,
			);
			buildRules = (
			);
			dependencies = (
			);
			name = Table;
			productName = Table;
			productReference = D2F99F63282DF8AC00BA0F04 /* Table.app */;
			productType = "com.apple.product-type.application";
		};
/* End PBXNativeTarget section */

/* Begin PBXProject section */
		D2F99F5B282DF8AC00BA0F04 /* Project object */ = {
			isa = PBXProject;
			attributes = {
				BuildIndependentTargetsInParallel = 1;
				LastSwiftUpdateCheck = 1320;
				LastUpgradeCheck = 1320;
				TargetAttributes = {
					D2F99F62282DF8AC00BA0F04 = {
						CreatedOnToolsVersion = 13.2.1;
					};
				};
			};
			buildConfigurationList = D2F99F5E282DF8AC00BA0F04 /* Build configuration list for PBXProject "Table" */;
			compatibilityVersion = "Xcode 13.0";
			developmentRegion = en;
			hasScannedForEncodings = 0;
			knownRegions = (
				en,
				Base,
			);
			mainGroup = D2F99F5A282DF8AC00BA0F04;
			productRefGroup = D2F99F64282DF8AC00BA0F04 /* Products */;
			projectDirPath = "";
			projectRoot = "";
			targets = (
				D2F99F62282DF8AC00BA0F04 /* Table */,
			);
		};
/* End PBXProject section */

/* Begin PBXResourcesBuildPhase section */
		D2F99F61282DF8AC00BA0F04 /* Resources */ = {
			isa = PBXResourcesBuildPhase;
			buildActionMask = 2147483647;
			files = (
				D2F99F8B282E0AFB00BA0F04 /* pencil.png in Resources */,
				D2F99F8D282E0B9D00BA0F04 /* clock.png in Resources */,
				D2F99F73282DF8AD00BA0F04 /* LaunchScreen.storyboard in Resources */,
				D2F99F70282DF8AD00BA0F04 /* Assets.xcassets in Resources */,
				D2F99F6E282DF8AC00BA0F04 /* Main.storyboard in Resources */,
				D270F3932852EEDD00B7556E /* cart.png in Resources */,
			);
			runOnlyForDeploymentPostprocessing = 0;
		};
/* End PBXResourcesBuildPhase section */

/* Begin PBXSourcesBuildPhase section */
		D2F99F5F282DF8AC00BA0F04 /* Sources */ = {
			isa = PBXSourcesBuildPhase;
			buildActionMask = 2147483647;
			files = (
				D2F99F67282DF8AC00BA0F04 /* AppDelegate.swift in Sources */,
				D2F99F83282DFDEA00BA0F04 /* DetailViewController.swift in Sources */,
				D2F99F81282DFDD100BA0F04 /* AddViewController.swift in Sources */,
				D2F99F85282DFECB00BA0F04 /* TableViewController.swift in Sources */,
				D2F99F69282DF8AC00BA0F04 /* SceneDelegate.swift in Sources */,
			);
			runOnlyForDeploymentPostprocessing = 0;
		};
/* End PBXSourcesBuildPhase section */

/* Begin PBXVariantGroup section */
		D2F99F6C282DF8AC00BA0F04 /* Main.storyboard */ = {
			isa = PBXVariantGroup;
			children = (
				D2F99F6D282DF8AC00BA0F04 /* Base */,
			);
			name = Main.storyboard;
			sourceTree = "<group>";
		};
		D2F99F71282DF8AD00BA0F04 /* LaunchScreen.storyboard */ = {
			isa = PBXVariantGroup;
			children = (
				D2F99F72282DF8AD00BA0F04 /* Base */,
			);
			name = LaunchScreen.storyboard;
			sourceTree = "<group>";
		};
/* End PBXVariantGroup section */

/* Begin XCBuildConfiguration section */
		D2F99F75282DF8AD00BA0F04 /* Debug */ = {
			isa = XCBuildConfiguration;
			buildSettings = {
				ALWAYS_SEARCH_USER_PATHS = NO;
				CLANG_ANALYZER_NONNULL = YES;
				CLANG_ANALYZER_NUMBER_OBJECT_CONVERSION = YES_AGGRESSIVE;
				CLANG_CXX_LANGUAGE_STANDARD = "gnu++17";
				CLANG_CXX_LIBRARY = "libc++";
				CLANG_ENABLE_MODULES = YES;
				CLANG_ENABLE_OBJC_ARC = YES;
				CLANG_ENABLE_OBJC_WEAK = YES;
				CLANG_WARN_BLOCK_CAPTURE_AUTORELEASING = YES;
				CLANG_WARN_BOOL_CONVERSION = YES;
				CLANG_WARN_COMMA = YES;
				CLANG_WARN_CONSTANT_CONVERSION = YES;
				CLANG_WARN_DEPRECATED_OBJC_IMPLEMENTATIONS = YES;
				CLANG_WARN_DIRECT_OBJC_ISA_USAGE = YES_ERROR;
				CLANG_WARN_DOCUMENTATION_COMMENTS = YES;
				CLANG_WARN_EMPTY_BODY = YES;
				CLANG_WARN_ENUM_CONVERSION = YES;
				CLANG_WARN_INFINITE_RECURSION = YES;
				CLANG_WARN_INT_CONVERSION = YES;
				CLANG_WARN_NON_LITERAL_NULL_CONVERSION = YES;
				CLANG_WARN_OBJC_IMPLICIT_RETAIN_SELF = YES;
				CLANG_WARN_OBJC_LITERAL_CONVERSION = YES;
				CLANG_WARN_OBJC_ROOT_CLASS = YES_ERROR;
				CLANG_WARN_QUOTED_INCLUDE_IN_FRAMEWORK_HEADER = YES;
				CLANG_WARN_RANGE_LOOP_ANALYSIS = YES;
				CLANG_WARN_STRICT_PROTOTYPES = YES;
				CLANG_WARN_SUSPICIOUS_MOVE = YES;
				CLANG_WARN_UNGUARDED_AVAILABILITY = YES_AGGRESSIVE;
				CLANG_WARN_UNREACHABLE_CODE = YES;
				CLANG_WARN__DUPLICATE_METHOD_MATCH = YES;
				COPY_PHASE_STRIP = NO;
				DEBUG_INFORMATION_FORMAT = dwarf;
				ENABLE_STRICT_OBJC_MSGSEND = YES;
				ENABLE_TESTABILITY = YES;
				GCC_C_LANGUAGE_STANDARD = gnu11;
				GCC_DYNAMIC_NO_PIC = NO;
				GCC_NO_COMMON_BLOCKS = YES;
				GCC_OPTIMIZATION_LEVEL = 0;
				GCC_PREPROCESSOR_DEFINITIONS = (
					"DEBUG=1",
					"$(inherited)",
				);
				GCC_WARN_64_TO_32_BIT_CONVERSION = YES;
				GCC_WARN_ABOUT_RETURN_TYPE = YES_ERROR;
				GCC_WARN_UNDECLARED_SELECTOR = YES;
				GCC_WARN_UNINITIALIZED_AUTOS = YES_AGGRESSIVE;
				GCC_WARN_UNUSED_FUNCTION = YES;
				GCC_WARN_UNUSED_VARIABLE = YES;
				IPHONEOS_DEPLOYMENT_TARGET = 15.2;
				MTL_ENABLE_DEBUG_INFO = INCLUDE_SOURCE;
				MTL_FAST_MATH = YES;
				ONLY_ACTIVE_ARCH = YES;
				SDKROOT = iphoneos;
				SWIFT_ACTIVE_COMPILATION_CONDITIONS = DEBUG;
				SWIFT_OPTIMIZATION_LEVEL = "-Onone";
			};
			name = Debug;
		};
		D2F99F76282DF8AD00BA0F04 /* Release */ = {
			isa = XCBuildConfiguration;
			buildSettings = {
				ALWAYS_SEARCH_USER_PATHS = NO;
				CLANG_ANALYZER_NONNULL = YES;
				CLANG_ANALYZER_NUMBER_OBJECT_CONVERSION = YES_AGGRESSIVE;
				CLANG_CXX_LANGUAGE_STANDARD = "gnu++17";
				CLANG_CXX_LIBRARY = "libc++";
				CLANG_ENABLE_MODULES = YES;
				CLANG_ENABLE_OBJC_ARC = YES;
				CLANG_ENABLE_OBJC_WEAK = YES;
				CLANG_WARN_BLOCK_CAPTURE_AUTORELEASING = YES;
				CLANG_WARN_BOOL_CONVERSION = YES;
				CLANG_WARN_COMMA = YES;
				CLANG_WARN_CONSTANT_CONVERSION = YES;
				CLANG_WARN_DEPRECATED_OBJC_IMPLEMENTATIONS = YES;
				CLANG_WARN_DIRECT_OBJC_ISA_USAGE = YES_ERROR;
				CLANG_WARN_DOCUMENTATION_COMMENTS = YES;
				CLANG_WARN_EMPTY_BODY = YES;
				CLANG_WARN_ENUM_CONVERSION = YES;
				CLANG_WARN_INFINITE_RECURSION = YES;
				CLANG_WARN_INT_CONVERSION = YES;
				CLANG_WARN_NON_LITERAL_NULL_CONVERSION = YES;
				CLANG_WARN_OBJC_IMPLICIT_RETAIN_SELF = YES;
				CLANG_WARN_OBJC_LITERAL_CONVERSION = YES;
				CLANG_WARN_OBJC_ROOT_CLASS = YES_ERROR;
				CLANG_WARN_QUOTED_INCLUDE_IN_FRAMEWORK_HEADER = YES;
				CLANG_WARN_RANGE_LOOP_ANALYSIS = YES;
				CLANG_WARN_STRICT_PROTOTYPES = YES;
				CLANG_WARN_SUSPICIOUS_MOVE = YES;
				CLANG_WARN_UNGUARDED_AVAILABILITY = YES_AGGRESSIVE;
				CLANG_WARN_UNREACHABLE_CODE = YES;
				CLANG_WARN__DUPLICATE_METHOD_MATCH = YES;
				COPY_PHASE_STRIP = NO;
				DEBUG_INFORMATION_FORMAT = "dwarf-with-dsym";
				ENABLE_NS_ASSERTIONS = NO;
				ENABLE_STRICT_OBJC_MSGSEND = YES;
				GCC_C_LANGUAGE_STANDARD = gnu11;
				GCC_NO_COMMON_BLOCKS = YES;
				GCC_WARN_64_TO_32_BIT_CONVERSION = YES;
				GCC_WARN_ABOUT_RETURN_TYPE = YES_ERROR;
				GCC_WARN_UNDECLARED_SELECTOR = YES;
				GCC_WARN_UNINITIALIZED_AUTOS = YES_AGGRESSIVE;
				GCC_WARN_UNUSED_FUNCTION = YES;
				GCC_WARN_UNUSED_VARIABLE = YES;
				IPHONEOS_DEPLOYMENT_TARGET = 15.2;
				MTL_ENABLE_DEBUG_INFO = NO;
				MTL_FAST_MATH = YES;
				SDKROOT = iphoneos;
				SWIFT_COMPILATION_MODE = wholemodule;
				SWIFT_OPTIMIZATION_LEVEL = "-O";
				VALIDATE_PRODUCT = YES;
			};
			name = Release;
		};
		D2F99F78282DF8AD00BA0F04 /* Debug */ = {
			isa = XCBuildConfiguration;
			buildSettings = {
				ASSETCATALOG_COMPILER_APPICON_NAME = AppIcon;
				ASSETCATALOG_COMPILER_GLOBAL_ACCENT_COLOR_NAME = AccentColor;
				CODE_SIGN_STYLE = Automatic;
				CURRENT_PROJECT_VERSION = 1;
				GENERATE_INFOPLIST_FILE = YES;
				INFOPLIST_FILE = Table/Info.plist;
				INFOPLIST_KEY_UIApplicationSupportsIndirectInputEvents = YES;
				INFOPLIST_KEY_UILaunchStoryboardName = LaunchScreen;
				INFOPLIST_KEY_UIMainStoryboardFile = Main;
				INFOPLIST_KEY_UISupportedInterfaceOrientations_iPad = "UIInterfaceOrientationPortrait UIInterfaceOrientationPortraitUpsideDown UIInterfaceOrientationLandscapeLeft UIInterfaceOrientationLandscapeRight";
				INFOPLIST_KEY_UISupportedInterfaceOrientations_iPhone = "UIInterfaceOrientationPortrait UIInterfaceOrientationLandscapeLeft UIInterfaceOrientationLandscapeRight";
				LD_RUNPATH_SEARCH_PATHS = (
					"$(inherited)",
					"@executable_path/Frameworks",
				);
				MARKETING_VERSION = 1.0;
				PRODUCT_BUNDLE_IDENTIFIER = kr.ac.induk.www.Table;
				PRODUCT_NAME = "$(TARGET_NAME)";
				SWIFT_EMIT_LOC_STRINGS = YES;
				SWIFT_VERSION = 5.0;
				TARGETED_DEVICE_FAMILY = "1,2";
			};
			name = Debug;
		};
		D2F99F79282DF8AD00BA0F04 /* Release */ = {
			isa = XCBuildConfiguration;
			buildSettings = {
				ASSETCATALOG_COMPILER_APPICON_NAME = AppIcon;
				ASSETCATALOG_COMPILER_GLOBAL_ACCENT_COLOR_NAME = AccentColor;
				CODE_SIGN_STYLE = Automatic;
				CURRENT_PROJECT_VERSION = 1;
				GENERATE_INFOPLIST_FILE = YES;
				INFOPLIST_FILE = Table/Info.plist;
				INFOPLIST_KEY_UIApplicationSupportsIndirectInputEvents = YES;
				INFOPLIST_KEY_UILaunchStoryboardName = LaunchScreen;
				INFOPLIST_KEY_UIMainStoryboardFile = Main;
				INFOPLIST_KEY_UISupportedInterfaceOrientations_iPad = "UIInterfaceOrientationPortrait UIInterfaceOrientationPortraitUpsideDown UIInterfaceOrientationLandscapeLeft UIInterfaceOrientationLandscapeRight";
				INFOPLIST_KEY_UISupportedInterfaceOrientations_iPhone = "UIInterfaceOrientationPortrait UIInterfaceOrientationLandscapeLeft UIInterfaceOrientationLandscapeRight";
				LD_RUNPATH_SEARCH_PATHS = (
					"$(inherited)",
					"@executable_path/Frameworks",
				);
				MARKETING_VERSION = 1.0;
				PRODUCT_BUNDLE_IDENTIFIER = kr.ac.induk.www.Table;
				PRODUCT_NAME = "$(TARGET_NAME)";
				SWIFT_EMIT_LOC_STRINGS = YES;
				SWIFT_VERSION = 5.0;
				TARGETED_DEVICE_FAMILY = "1,2";
			};
			name = Release;
		};
/* End XCBuildConfiguration section */

/* Begin XCConfigurationList section */
		D2F99F5E282DF8AC00BA0F04 /* Build configuration list for PBXProject "Table" */ = {
			isa = XCConfigurationList;
			buildConfigurations = (
				D2F99F75282DF8AD00BA0F04 /* Debug */,
				D2F99F76282DF8AD00BA0F04 /* Release */,
			);
			defaultConfigurationIsVisible = 0;
			defaultConfigurationName = Release;
		};
		D2F99F77282DF8AD00BA0F04 /* Build configuration list for PBXNativeTarget "Table" */ = {
			isa = XCConfigurationList;
			buildConfigurations = (
				D2F99F78282DF8AD00BA0F04 /* Debug */,
				D2F99F79282DF8AD00BA0F04 /* Release */,
			);
			defaultConfigurationIsVisible = 0;
			defaultConfigurationName = Release;
		};
/* End XCConfigurationList section */
	};
	rootObject = D2F99F5B282DF8AC00BA0F04 /* Project object */;
}
